
Microsoft Visual Studio Solution File, Format Version 12.00
# Visual Studio Version 17
VisualStudioVersion = 17.3.32922.545
MinimumVisualStudioVersion = 10.0.40219.1
Project("{F184B08F-C81C-45F6-A57F-5ABD9991F28F}") = "Homework_1_VBNET", "Homework_1_VBNET\Homework_1_VBNET.vbproj", "{6F82164D-1C8C-4215-9DAF-1C6C7A4D3BA6}"
EndProject
Global
	GlobalSection(SolutionConfigurationPlatforms) = preSolution
		Debug|Any CPU = Debug|Any CPU
		Release|Any CPU = Release|Any CPU
	EndGlobalSection
	GlobalSection(ProjectConfigurationPlatforms) = postSolution
		{6F82164D-1C8C-4215-9DAF-1C6C7A4D3BA6}.Debug|Any CPU.ActiveCfg = Debug|Any CPU
		{6F82164D-1C8C-4215-9DAF-1C6C7A4D3BA6}.Debug|Any CPU.Build.0 = Debug|Any CPU
		{6F82164D-1C8C-4215-9DAF-1C6C7A4D3BA6}.Release|Any CPU.ActiveCfg = Release|Any CPU
		{6F82164D-1C8C-4215-9DAF-1C6C7A4D3BA6}.Release|Any CPU.Build.0 = Release|Any CPU
	EndGlobalSection
	GlobalSection(SolutionProperties) = preSolution
		HideSolutionNode = FALSE
	EndGlobalSection
	GlobalSection(ExtensibilityGlobals) = postSolution
		SolutionGuid = {70D2E1CE-5C3D-47E9-9733-BFCE4AF8CC16}
	EndGlobalSection
EndGlobal
